{
  "name": "sailormoonsortinghat",
  "version": "1.0.0",
  "lockfileVersion": 1,
  "requires": true,
  "dependencies": {
    "webwebweb": {
      "version": "1.1.6",
      "resolved": "https://registry.npmjs.org/webwebweb/-/webwebweb-1.1.6.tgz",
      "integrity": "sha512-+GrWNT5l2SgUKTdyW4xOYd2j16mzbl3rkzGJRg9DIXiP5xycxuSnHlQLhdnN6B29cQAW8+v+ivl4BIuLKWtd3g=="
    }
  }
}
